
Microsoft Visual Studio Solution File, Format Version 12.00
# Visual Studio 2013
VisualStudioVersion = 12.0.31101.0
MinimumVisualStudioVersion = 10.0.40219.1
Project("{FAE04EC0-301F-11D3-BF4B-00C04F79EFBC}") = "Davide.Experiments.Web.Test", "Davide.Experiments.Web.Test\Davide.Experiments.Web.Test.csproj", "{D62C4C57-47E8-4FDC-852D-5EA28766E30F}"
EndProject
Project("{FAE04EC0-301F-11D3-BF4B-00C04F79EFBC}") = "Davide.Experiments.Web.UI", "Davide.Experiments.Web.UI\Davide.Experiments.Web.UI.csproj", "{7911DA27-DE23-4400-9D2B-28E1FF133DDC}"
EndProject
Project("{2150E333-8FDC-42A3-9474-1A3956D46DE8}") = ".nuget", ".nuget", "{D0D96661-004E-4812-AAD8-470185F25484}"
	ProjectSection(SolutionItems) = preProject
		.nuget\packages.config = .nuget\packages.config
	EndProjectSection
EndProject
Global
	GlobalSection(SolutionConfigurationPlatforms) = preSolution
		Debug|Any CPU = Debug|Any CPU
		Release|Any CPU = Release|Any CPU
	EndGlobalSection
	GlobalSection(ProjectConfigurationPlatforms) = postSolution
		{D62C4C57-47E8-4FDC-852D-5EA28766E30F}.Debug|Any CPU.ActiveCfg = Debug|Any CPU
		{D62C4C57-47E8-4FDC-852D-5EA28766E30F}.Debug|Any CPU.Build.0 = Debug|Any CPU
		{D62C4C57-47E8-4FDC-852D-5EA28766E30F}.Release|Any CPU.ActiveCfg = Release|Any CPU
		{D62C4C57-47E8-4FDC-852D-5EA28766E30F}.Release|Any CPU.Build.0 = Release|Any CPU
		{7911DA27-DE23-4400-9D2B-28E1FF133DDC}.Debug|Any CPU.ActiveCfg = Debug|Any CPU
		{7911DA27-DE23-4400-9D2B-28E1FF133DDC}.Debug|Any CPU.Build.0 = Debug|Any CPU
		{7911DA27-DE23-4400-9D2B-28E1FF133DDC}.Release|Any CPU.ActiveCfg = Release|Any CPU
		{7911DA27-DE23-4400-9D2B-28E1FF133DDC}.Release|Any CPU.Build.0 = Release|Any CPU
	EndGlobalSection
	GlobalSection(SolutionProperties) = preSolution
		HideSolutionNode = FALSE
	EndGlobalSection
EndGlobal
